{
  "version": 4,
  "terraform_version": "1.6.2",
  "serial": 23,
  "lineage": "e9dbbe1c-8128-c70f-aae2-943a3ae1ad85",
  "outputs": {
    "key_data": {
      "value": "ssh-rsa AAAAB3NzaC1yc2EAAAADAQABAAABgQDN7vXyzndhehpevKl1Zd/qO1Y8RI7f5KGSPD6XD0V08hlD1Fbbm90i7wdjHHrwfnITq7BEaTcjd7oQtsLCM/tzCuP+1vqVQ8cZFq1KzWTwzd9cc7G6BbWB2qmut7lUT8vqFzkw91p/MdS8UlYx4+3dBTDRISHCP6q4bzidMAsd2+0NEgLHAM6UsNda6J8kjfPHJtUXDq5Y6fET2ufzIZ4TAMIMrruXZh94g/fZxTbm3TD6Q4JdnmL4e00ulQR9qS1hF9hgvi60Nvh1dWoQaRB8JWJpHkc9iWtTrrn8fJ8uBKaWOSBr7EYNc/HgUy2RoG6NqklBxx5jagmDzjz7599jxb+/mB3YHUwPoqL/Zeav4csLvODQxp8sVVvbIcpJCjVU+YexZuBTjOfVraSp5CT8D7c0sRf8GTjoyHEQArQCvJZ70PRH0bLpqciwOogyaKWE6AfL+Ax5KcauyeWiB7yJp3f7EMZQqYAva9YQ0nle4i1+GVrxAYDe5iH2WpCK+PE= generated-by-azure",
      "type": "string"
    },
    "linux_virtual_machine_names": {
      "value": [
        [
          "vm-eternal-gopher0"
        ],
        [
          "vm-eternal-gopher1"
        ]
      ],
      "type": [
        "tuple",
        [
          [
            "tuple",
            [
              "string"
            ]
          ],
          [
            "tuple",
            [
              "string"
            ]
          ]
        ]
      ]
    },
    "resource_group_name": {
      "value": "rg-splendid-aphid",
      "type": "string"
    },
    "subnet_name": {
      "value": "sub-credible-doberman",
      "type": "string"
    },
    "virtual_network_name": {
      "value": "vnet-hardy-ostrich",
      "type": "string"
    }
  },
  "resources": [
    {
      "mode": "managed",
      "type": "azapi_resource",
      "name": "ssh_public_key",
      "provider": "provider[\"registry.terraform.io/azure/azapi\"]",
      "instances": [
        {
          "schema_version": 0,
          "attributes": {
            "body": "{}",
            "id": "/subscriptions/8a4d2c2e-5499-402a-b863-02357026d034/resourceGroups/rg-splendid-aphid/providers/Microsoft.Compute/sshPublicKeys/sshactiveasp",
            "identity": [],
            "ignore_body_changes": null,
            "ignore_casing": false,
            "ignore_missing_property": true,
            "location": "eastus",
            "locks": null,
            "name": "sshactiveasp",
            "output": "{}",
            "parent_id": "/subscriptions/8a4d2c2e-5499-402a-b863-02357026d034/resourceGroups/rg-splendid-aphid",
            "removing_special_chars": false,
            "response_export_values": null,
            "schema_validation_enabled": true,
            "tags": {},
            "timeouts": null,
            "type": "Microsoft.Compute/sshPublicKeys@2022-11-01"
          },
          "sensitive_attributes": [],
          "private": "eyJlMmJmYjczMC1lY2FhLTExZTYtOGY4OC0zNDM2M2JjN2M0YzAiOnsiY3JlYXRlIjoxODAwMDAwMDAwMDAwLCJkZWxldGUiOjE4MDAwMDAwMDAwMDAsInJlYWQiOjMwMDAwMDAwMDAwMCwidXBkYXRlIjoxODAwMDAwMDAwMDAwfX0=",
          "dependencies": [
            "azurerm_resource_group.rg",
            "random_pet.rg_name",
            "random_pet.ssh_key_name"
          ]
        }
      ]
    },
    {
      "mode": "managed",
      "type": "azapi_resource_action",
      "name": "ssh_public_key_gen",
      "provider": "provider[\"registry.terraform.io/azure/azapi\"]",
      "instances": [
        {
          "schema_version": 0,
          "attributes": {
            "action": "generateKeyPair",
            "body": null,
            "id": "/subscriptions/8a4d2c2e-5499-402a-b863-02357026d034/resourceGroups/rg-splendid-aphid/providers/Microsoft.Compute/sshPublicKeys/sshactiveasp/generateKeyPair",
            "locks": null,
            "method": "POST",
            "output": "{\"privateKey\":\"-----BEGIN RSA PRIVATE KEY-----\\r\\nMIIG4wIBAAKCAYEAze718s53YXoaXrypdWXf6jtWPESO3+Shkjw+lw9FdPIZQ9RW\\r\\n25vdIu8HYxx68H5yE6uwRGk3I3e6ELbCwjP7cwrj/tb6lUPHGRatSs1k8M3fXHOx\\r\\nugW1gdqprre5VE/L6hc5MPdafzHUvFJWMePt3QUw0SEhwj+quG84nTALHdvtDRIC\\r\\nxwDOlLDXWuifJI3zxybVFw6uWOnxE9rn8yGeEwDCDK67l2YfeIP32cU25t0w+kOC\\r\\nXZ5i+HtNLpUEfaktYRfYYL4utDb4dXVqEGkQfCViaR5HPYlrU665/HyfLgSmljkg\\r\\na+xGDXPx4FMtkaBujapJQcceY2oJg848++ffY8W/v5gd2B1MD6Ki/2Xmr+HLC7zg\\r\\n0MafLFVb2yHKSQo1VPmHsWbgU4zn1a2kqeQk/A+3NLEX/Bk46MhxEAK0AryWe9D0\\r\\nR9Gy6anIsDqIMmilhOgHy/gMeSnGrsnloge8iad3+xDGUKmAL2vWENJ5XuItfhla\\r\\n8QGA3uYh9lqQivjxAgMBAAECggGALqZZNL2ssXo1iwx13tBLHwZ+DH0DWJi0OSpI\\r\\ni3O8KjfFnWX2nxz5xTYcmEkVWHFsaiRUc8rZ4MD4d1zPVars5SysZUhRz4phCb/n\\r\\nVbCdkycv2AOlWRx994KPObMI2p6Q9OB55ivCZlnldRu5xud5NL4+RsGYoiZGCC25\\r\\nx3HgsszlMDbKRkZahbhhsIhNtLwrYwva7bQ3rpCgOf022g7dfjSHwNO8TxmlO2m5\\r\\nta1FOJsWwzqTx51fkiZsX4cGU2kFJGsbl0axtgOR/9tOSeYH6ysHQJzLG2tigDjb\\r\\n3GHM3ciVuc6yowdGSxNLPXBcCByhts7V9G5LtLLa8/7V2uA/wjfhV8GHhoJCeb9R\\r\\nMeBJgHLoPejwwCZ+/03rBEP6xLfXvcWvuGpZ4uaDOYEDPjAdwRDqo/YI3WJZqkBr\\r\\nYsevgIIlEXu/4oQKRHgeYmQBS94tB2esQK5w5OPUTmP27vZHHFRN+rpLmWnN4GbJ\\r\\nNw1Y1ENHNQtOTTf/KB4hp++WUaMZAoHBAPN0AaAeIUQ9mbHNGqHOvjGOhGpplupg\\r\\nBjZ3pdaYZFzX9F+YA6r3cqOjlycG1NtyuJfSj4i9kjR5yT0q8qPfzTkR1D/YQAOC\\r\\nUxZnDQIPJ9Pd5YjPj+Nhd12aPO6v8q98S5IngGROlVbEGAgItaghkQg7pgNV2/ek\\r\\nZNkIYbc4pJ9JHFLf7VqWtNfH3oATMj4aMamyvsARuALn4hOl7Yd398X5Qbe1nQu+\\r\\n3unKCbu/Fr1fJ7r03offWnxni1a9cdWtSwKBwQDYi/BeteaF/U0vgvU6CdtbrcJy\\r\\nGZG7GSccz/W+Q0FpTtjd9HXxYNFNtrmNMhxZvaoJj1uVt8aNqmuK/ttnIp2FuKb6\\r\\nlB1JYieiiPWaQ/XsUhogB/9711LRGEQHZYv9zHchq6/xW29H9cf5cG5QTIdPRwTL\\r\\n86ePJMyrvDzz9tHk424705Xw/akMs+TVce/6LayPkK7QDVeuSXWn/+gwZ92M4955\\r\\nkMiSUQkKglouiyl99BTT5QGF5AgaUxqJYeaTeTMCgcAMugnDtw+CI74/Hzu/LbGf\\r\\noZWmgnKTOgXZHxQaTckhWWC7BpVagKkLiOfD8IV8G1kvBqDeQxq7h4pPmkko6/As\\r\\nhZQU6lceV9fEGgsCCozIdJclOcSJ3HSC/iclSylipxrEPzBlDf6clI+1C8+DRI3y\\r\\nYjvhfMGNBpkHB3skOt/QO+AxLOeZjrtRdG9bPqWnvXLPLjrui36VGE4nPMtYA5t+\\r\\nS/N1iRb2oDnC+v7bQ7gKmkjXayme7LwsOLV+CVVEGFUCgcEAkFmgjxIErFbxJ/XN\\r\\nULYXYuLOls7SpX0b5IoAT6d3qCJmUHbQVGpsu7hNsoCwA2Z6Pcsxivkpw2/SJqLD\\r\\nUNnzVZuEu88WQr/Kmf9gcUhSXAlS3v1V4pDj5PyfBKs9iZ7N30UakPKZmMePWYkI\\r\\nEEEjhcZavTYcAUDPqr9dhmeG/WRaLElcT3xYP15/8YT1KrldqYoR7iCmzUisxKPD\\r\\nfNkQCAYyXKkV+utH8ph4U0RzEUIuzB2BSWZ7vEifjOsVEEOfAoHABhx0xz2CJlGM\\r\\nP/ekNj3oaB6a9at2xbGI14xAh22mI3ctXSbMxaDVwty94vulZM4Vvp3tLxH6RO1L\\r\\nGDe4uYKhARlpVpMJY+jfGjnfJA0Qbv9Gjr9zE/4nQbSRfxEAy6V11XqQ3DdkEMy3\\r\\nJOIXlvkzKudozKF7ySDAE1jCUkh2RrN8x7MOssfcjLUBkktHYMRYxcGh5SXbUUDC\\r\\nnmLjKsvwQg3MKpLXn552bRzdGhBjID0HCKUPvmddu6Y8QFJpUptW\\r\\n-----END RSA PRIVATE KEY-----\\r\\n\",\"publicKey\":\"ssh-rsa AAAAB3NzaC1yc2EAAAADAQABAAABgQDN7vXyzndhehpevKl1Zd/qO1Y8RI7f5KGSPD6XD0V08hlD1Fbbm90i7wdjHHrwfnITq7BEaTcjd7oQtsLCM/tzCuP+1vqVQ8cZFq1KzWTwzd9cc7G6BbWB2qmut7lUT8vqFzkw91p/MdS8UlYx4+3dBTDRISHCP6q4bzidMAsd2+0NEgLHAM6UsNda6J8kjfPHJtUXDq5Y6fET2ufzIZ4TAMIMrruXZh94g/fZxTbm3TD6Q4JdnmL4e00ulQR9qS1hF9hgvi60Nvh1dWoQaRB8JWJpHkc9iWtTrrn8fJ8uBKaWOSBr7EYNc/HgUy2RoG6NqklBxx5jagmDzjz7599jxb+/mB3YHUwPoqL/Zeav4csLvODQxp8sVVvbIcpJCjVU+YexZuBTjOfVraSp5CT8D7c0sRf8GTjoyHEQArQCvJZ70PRH0bLpqciwOogyaKWE6AfL+Ax5KcauyeWiB7yJp3f7EMZQqYAva9YQ0nle4i1+GVrxAYDe5iH2WpCK+PE= generated-by-azure\"}",
            "resource_id": "/subscriptions/8a4d2c2e-5499-402a-b863-02357026d034/resourceGroups/rg-splendid-aphid/providers/Microsoft.Compute/sshPublicKeys/sshactiveasp",
            "response_export_values": [
              "publicKey",
              "privateKey"
            ],
            "timeouts": null,
            "type": "Microsoft.Compute/sshPublicKeys@2022-11-01"
          },
          "sensitive_attributes": [],
          "private": "eyJlMmJmYjczMC1lY2FhLTExZTYtOGY4OC0zNDM2M2JjN2M0YzAiOnsiY3JlYXRlIjoxODAwMDAwMDAwMDAwLCJkZWxldGUiOjE4MDAwMDAwMDAwMDAsInJlYWQiOjMwMDAwMDAwMDAwMCwidXBkYXRlIjoxODAwMDAwMDAwMDAwfX0=",
          "dependencies": [
            "azapi_resource.ssh_public_key",
            "azurerm_resource_group.rg",
            "random_pet.rg_name",
            "random_pet.ssh_key_name"
          ]
        }
      ]
    },
    {
      "mode": "managed",
      "type": "azurerm_availability_set",
      "name": "avset",
      "provider": "provider[\"registry.terraform.io/hashicorp/azurerm\"]",
      "instances": [
        {
          "schema_version": 0,
          "attributes": {
            "id": "/subscriptions/8a4d2c2e-5499-402a-b863-02357026d034/resourceGroups/rg-splendid-aphid/providers/Microsoft.Compute/availabilitySets/avset",
            "location": "eastus",
            "managed": true,
            "name": "avset",
            "platform_fault_domain_count": 2,
            "platform_update_domain_count": 2,
            "proximity_placement_group_id": null,
            "resource_group_name": "rg-splendid-aphid",
            "tags": null,
            "timeouts": null
          },
          "sensitive_attributes": [],
          "private": "eyJlMmJmYjczMC1lY2FhLTExZTYtOGY4OC0zNDM2M2JjN2M0YzAiOnsiY3JlYXRlIjoxODAwMDAwMDAwMDAwLCJkZWxldGUiOjE4MDAwMDAwMDAwMDAsInJlYWQiOjMwMDAwMDAwMDAwMCwidXBkYXRlIjoxODAwMDAwMDAwMDAwfX0=",
          "dependencies": [
            "azurerm_resource_group.rg",
            "random_pet.rg_name"
          ]
        }
      ]
    },
    {
      "mode": "managed",
      "type": "azurerm_lb",
      "name": "test",
      "provider": "provider[\"registry.terraform.io/hashicorp/azurerm\"]",
      "instances": [
        {
          "schema_version": 0,
          "attributes": {
            "edge_zone": "",
            "frontend_ip_configuration": [
              {
                "gateway_load_balancer_frontend_ip_configuration_id": "",
                "id": "/subscriptions/8a4d2c2e-5499-402a-b863-02357026d034/resourceGroups/rg-splendid-aphid/providers/Microsoft.Network/loadBalancers/loadBalancer/frontendIPConfigurations/publicIPAddress",
                "inbound_nat_rules": [],
                "load_balancer_rules": [],
                "name": "publicIPAddress",
                "outbound_rules": [],
                "private_ip_address": "",
                "private_ip_address_allocation": "Dynamic",
                "private_ip_address_version": "",
                "public_ip_address_id": "/subscriptions/8a4d2c2e-5499-402a-b863-02357026d034/resourceGroups/rg-splendid-aphid/providers/Microsoft.Network/publicIPAddresses/publicIPForLB",
                "public_ip_prefix_id": "",
                "subnet_id": "",
                "zones": null
              }
            ],
            "id": "/subscriptions/8a4d2c2e-5499-402a-b863-02357026d034/resourceGroups/rg-splendid-aphid/providers/Microsoft.Network/loadBalancers/loadBalancer",
            "location": "eastus",
            "name": "loadBalancer",
            "private_ip_address": "",
            "private_ip_addresses": [],
            "resource_group_name": "rg-splendid-aphid",
            "sku": "Basic",
            "sku_tier": "Regional",
            "tags": null,
            "timeouts": null
          },
          "sensitive_attributes": [],
          "private": "eyJlMmJmYjczMC1lY2FhLTExZTYtOGY4OC0zNDM2M2JjN2M0YzAiOnsiY3JlYXRlIjoxODAwMDAwMDAwMDAwLCJkZWxldGUiOjE4MDAwMDAwMDAwMDAsInJlYWQiOjMwMDAwMDAwMDAwMCwidXBkYXRlIjoxODAwMDAwMDAwMDAwfX0=",
          "dependencies": [
            "azurerm_public_ip.test",
            "azurerm_resource_group.rg",
            "random_pet.rg_name"
          ]
        }
      ]
    },
    {
      "mode": "managed",
      "type": "azurerm_lb_backend_address_pool",
      "name": "test",
      "provider": "provider[\"registry.terraform.io/hashicorp/azurerm\"]",
      "instances": [
        {
          "schema_version": 0,
          "attributes": {
            "backend_ip_configurations": [],
            "id": "/subscriptions/8a4d2c2e-5499-402a-b863-02357026d034/resourceGroups/rg-splendid-aphid/providers/Microsoft.Network/loadBalancers/loadBalancer/backendAddressPools/BackEndAddressPool",
            "inbound_nat_rules": [],
            "load_balancing_rules": [],
            "loadbalancer_id": "/subscriptions/8a4d2c2e-5499-402a-b863-02357026d034/resourceGroups/rg-splendid-aphid/providers/Microsoft.Network/loadBalancers/loadBalancer",
            "name": "BackEndAddressPool",
            "outbound_rules": [],
            "timeouts": null,
            "tunnel_interface": [],
            "virtual_network_id": ""
          },
          "sensitive_attributes": [],
          "private": "eyJlMmJmYjczMC1lY2FhLTExZTYtOGY4OC0zNDM2M2JjN2M0YzAiOnsiY3JlYXRlIjoxODAwMDAwMDAwMDAwLCJkZWxldGUiOjE4MDAwMDAwMDAwMDAsInJlYWQiOjMwMDAwMDAwMDAwMCwidXBkYXRlIjoxODAwMDAwMDAwMDAwfX0=",
          "dependencies": [
            "azurerm_lb.test",
            "azurerm_public_ip.test",
            "azurerm_resource_group.rg",
            "random_pet.rg_name"
          ]
        }
      ]
    },
    {
      "mode": "managed",
      "type": "azurerm_linux_virtual_machine",
      "name": "test",
      "provider": "provider[\"registry.terraform.io/hashicorp/azurerm\"]",
      "instances": [
        {
          "index_key": 0,
          "schema_version": 0,
          "attributes": {
            "additional_capabilities": [],
            "admin_password": null,
            "admin_ssh_key": [
              {
                "public_key": "ssh-rsa AAAAB3NzaC1yc2EAAAADAQABAAABgQDN7vXyzndhehpevKl1Zd/qO1Y8RI7f5KGSPD6XD0V08hlD1Fbbm90i7wdjHHrwfnITq7BEaTcjd7oQtsLCM/tzCuP+1vqVQ8cZFq1KzWTwzd9cc7G6BbWB2qmut7lUT8vqFzkw91p/MdS8UlYx4+3dBTDRISHCP6q4bzidMAsd2+0NEgLHAM6UsNda6J8kjfPHJtUXDq5Y6fET2ufzIZ4TAMIMrruXZh94g/fZxTbm3TD6Q4JdnmL4e00ulQR9qS1hF9hgvi60Nvh1dWoQaRB8JWJpHkc9iWtTrrn8fJ8uBKaWOSBr7EYNc/HgUy2RoG6NqklBxx5jagmDzjz7599jxb+/mB3YHUwPoqL/Zeav4csLvODQxp8sVVvbIcpJCjVU+YexZuBTjOfVraSp5CT8D7c0sRf8GTjoyHEQArQCvJZ70PRH0bLpqciwOogyaKWE6AfL+Ax5KcauyeWiB7yJp3f7EMZQqYAva9YQ0nle4i1+GVrxAYDe5iH2WpCK+PE= generated-by-azure",
                "username": "azureadmin"
              }
            ],
            "admin_username": "azureadmin",
            "allow_extension_operations": true,
            "availability_set_id": "/subscriptions/8a4d2c2e-5499-402a-b863-02357026d034/resourceGroups/rg-splendid-aphid/providers/Microsoft.Compute/availabilitySets/AVSET",
            "boot_diagnostics": [],
            "bypass_platform_safety_checks_on_user_schedule_enabled": false,
            "capacity_reservation_group_id": "",
            "computer_name": "hostname",
            "custom_data": null,
            "dedicated_host_group_id": "",
            "dedicated_host_id": "",
            "disable_password_authentication": true,
            "edge_zone": "",
            "encryption_at_host_enabled": false,
            "eviction_policy": "",
            "extensions_time_budget": "PT1H30M",
            "gallery_application": [],
            "id": "/subscriptions/8a4d2c2e-5499-402a-b863-02357026d034/resourceGroups/rg-splendid-aphid/providers/Microsoft.Compute/virtualMachines/vm-eternal-gopher0",
            "identity": [],
            "license_type": "",
            "location": "eastus",
            "max_bid_price": -1,
            "name": "vm-eternal-gopher0",
            "network_interface_ids": [
              "/subscriptions/8a4d2c2e-5499-402a-b863-02357026d034/resourceGroups/rg-splendid-aphid/providers/Microsoft.Network/networkInterfaces/acctni0"
            ],
            "os_disk": [
              {
                "caching": "ReadWrite",
                "diff_disk_settings": [],
                "disk_encryption_set_id": "",
                "disk_size_gb": 30,
                "name": "myosdisk0",
                "secure_vm_disk_encryption_set_id": "",
                "security_encryption_type": "",
                "storage_account_type": "Standard_LRS",
                "write_accelerator_enabled": false
              }
            ],
            "patch_assessment_mode": "ImageDefault",
            "patch_mode": "ImageDefault",
            "plan": [],
            "platform_fault_domain": -1,
            "priority": "Regular",
            "private_ip_address": "10.0.2.4",
            "private_ip_addresses": [
              "10.0.2.4"
            ],
            "provision_vm_agent": true,
            "proximity_placement_group_id": "",
            "public_ip_address": "",
            "public_ip_addresses": [],
            "reboot_setting": "",
            "resource_group_name": "rg-splendid-aphid",
            "secret": [],
            "secure_boot_enabled": false,
            "size": "Standard_DS1_v2",
            "source_image_id": "",
            "source_image_reference": [
              {
                "offer": "UbuntuServer",
                "publisher": "Canonical",
                "sku": "16.04-LTS",
                "version": "latest"
              }
            ],
            "tags": null,
            "termination_notification": null,
            "timeouts": null,
            "user_data": "",
            "virtual_machine_id": "cf144ac7-f7a0-4459-9998-8cb23f192049",
            "virtual_machine_scale_set_id": "",
            "vtpm_enabled": false,
            "zone": ""
          },
          "sensitive_attributes": [],
          "private": "eyJlMmJmYjczMC1lY2FhLTExZTYtOGY4OC0zNDM2M2JjN2M0YzAiOnsiY3JlYXRlIjoyNzAwMDAwMDAwMDAwLCJkZWxldGUiOjI3MDAwMDAwMDAwMDAsInJlYWQiOjMwMDAwMDAwMDAwMCwidXBkYXRlIjoyNzAwMDAwMDAwMDAwfX0=",
          "dependencies": [
            "azapi_resource.ssh_public_key",
            "azapi_resource_action.ssh_public_key_gen",
            "azurerm_availability_set.avset",
            "azurerm_network_interface.test",
            "azurerm_resource_group.rg",
            "azurerm_subnet.test",
            "azurerm_virtual_network.test",
            "random_pet.azurerm_linux_virtual_machine_name",
            "random_pet.azurerm_subnet_name",
            "random_pet.azurerm_virtual_network_name",
            "random_pet.rg_name",
            "random_pet.ssh_key_name"
          ]
        },
        {
          "index_key": 1,
          "schema_version": 0,
          "attributes": {
            "additional_capabilities": [],
            "admin_password": null,
            "admin_ssh_key": [
              {
                "public_key": "ssh-rsa AAAAB3NzaC1yc2EAAAADAQABAAABgQDN7vXyzndhehpevKl1Zd/qO1Y8RI7f5KGSPD6XD0V08hlD1Fbbm90i7wdjHHrwfnITq7BEaTcjd7oQtsLCM/tzCuP+1vqVQ8cZFq1KzWTwzd9cc7G6BbWB2qmut7lUT8vqFzkw91p/MdS8UlYx4+3dBTDRISHCP6q4bzidMAsd2+0NEgLHAM6UsNda6J8kjfPHJtUXDq5Y6fET2ufzIZ4TAMIMrruXZh94g/fZxTbm3TD6Q4JdnmL4e00ulQR9qS1hF9hgvi60Nvh1dWoQaRB8JWJpHkc9iWtTrrn8fJ8uBKaWOSBr7EYNc/HgUy2RoG6NqklBxx5jagmDzjz7599jxb+/mB3YHUwPoqL/Zeav4csLvODQxp8sVVvbIcpJCjVU+YexZuBTjOfVraSp5CT8D7c0sRf8GTjoyHEQArQCvJZ70PRH0bLpqciwOogyaKWE6AfL+Ax5KcauyeWiB7yJp3f7EMZQqYAva9YQ0nle4i1+GVrxAYDe5iH2WpCK+PE= generated-by-azure",
                "username": "azureadmin"
              }
            ],
            "admin_username": "azureadmin",
            "allow_extension_operations": true,
            "availability_set_id": "/subscriptions/8a4d2c2e-5499-402a-b863-02357026d034/resourceGroups/rg-splendid-aphid/providers/Microsoft.Compute/availabilitySets/AVSET",
            "boot_diagnostics": [],
            "bypass_platform_safety_checks_on_user_schedule_enabled": false,
            "capacity_reservation_group_id": "",
            "computer_name": "hostname",
            "custom_data": null,
            "dedicated_host_group_id": "",
            "dedicated_host_id": "",
            "disable_password_authentication": true,
            "edge_zone": "",
            "encryption_at_host_enabled": false,
            "eviction_policy": "",
            "extensions_time_budget": "PT1H30M",
            "gallery_application": [],
            "id": "/subscriptions/8a4d2c2e-5499-402a-b863-02357026d034/resourceGroups/rg-splendid-aphid/providers/Microsoft.Compute/virtualMachines/vm-eternal-gopher1",
            "identity": [],
            "license_type": "",
            "location": "eastus",
            "max_bid_price": -1,
            "name": "vm-eternal-gopher1",
            "network_interface_ids": [
              "/subscriptions/8a4d2c2e-5499-402a-b863-02357026d034/resourceGroups/rg-splendid-aphid/providers/Microsoft.Network/networkInterfaces/acctni1"
            ],
            "os_disk": [
              {
                "caching": "ReadWrite",
                "diff_disk_settings": [],
                "disk_encryption_set_id": "",
                "disk_size_gb": 30,
                "name": "myosdisk1",
                "secure_vm_disk_encryption_set_id": "",
                "security_encryption_type": "",
                "storage_account_type": "Standard_LRS",
                "write_accelerator_enabled": false
              }
            ],
            "patch_assessment_mode": "ImageDefault",
            "patch_mode": "ImageDefault",
            "plan": [],
            "platform_fault_domain": -1,
            "priority": "Regular",
            "private_ip_address": "10.0.2.5",
            "private_ip_addresses": [
              "10.0.2.5"
            ],
            "provision_vm_agent": true,
            "proximity_placement_group_id": "",
            "public_ip_address": "",
            "public_ip_addresses": [],
            "reboot_setting": "",
            "resource_group_name": "rg-splendid-aphid",
            "secret": [],
            "secure_boot_enabled": false,
            "size": "Standard_DS1_v2",
            "source_image_id": "",
            "source_image_reference": [
              {
                "offer": "UbuntuServer",
                "publisher": "Canonical",
                "sku": "16.04-LTS",
                "version": "latest"
              }
            ],
            "tags": null,
            "termination_notification": null,
            "timeouts": null,
            "user_data": "",
            "virtual_machine_id": "8c6f99bd-76b1-45ae-9781-28ce66ebf3a8",
            "virtual_machine_scale_set_id": "",
            "vtpm_enabled": false,
            "zone": ""
          },
          "sensitive_attributes": [],
          "private": "eyJlMmJmYjczMC1lY2FhLTExZTYtOGY4OC0zNDM2M2JjN2M0YzAiOnsiY3JlYXRlIjoyNzAwMDAwMDAwMDAwLCJkZWxldGUiOjI3MDAwMDAwMDAwMDAsInJlYWQiOjMwMDAwMDAwMDAwMCwidXBkYXRlIjoyNzAwMDAwMDAwMDAwfX0=",
          "dependencies": [
            "azapi_resource.ssh_public_key",
            "azapi_resource_action.ssh_public_key_gen",
            "azurerm_availability_set.avset",
            "azurerm_network_interface.test",
            "azurerm_resource_group.rg",
            "azurerm_subnet.test",
            "azurerm_virtual_network.test",
            "random_pet.azurerm_linux_virtual_machine_name",
            "random_pet.azurerm_subnet_name",
            "random_pet.azurerm_virtual_network_name",
            "random_pet.rg_name",
            "random_pet.ssh_key_name"
          ]
        }
      ]
    },
    {
      "mode": "managed",
      "type": "azurerm_managed_disk",
      "name": "test",
      "provider": "provider[\"registry.terraform.io/hashicorp/azurerm\"]",
      "instances": [
        {
          "index_key": 0,
          "schema_version": 1,
          "attributes": {
            "create_option": "Empty",
            "disk_access_id": "",
            "disk_encryption_set_id": "",
            "disk_iops_read_only": 0,
            "disk_iops_read_write": 500,
            "disk_mbps_read_only": 0,
            "disk_mbps_read_write": 60,
            "disk_size_gb": 1024,
            "edge_zone": "",
            "encryption_settings": [],
            "gallery_image_reference_id": "",
            "hyper_v_generation": "",
            "id": "/subscriptions/8a4d2c2e-5499-402a-b863-02357026d034/resourceGroups/rg-splendid-aphid/providers/Microsoft.Compute/disks/datadisk_existing_0",
            "image_reference_id": "",
            "location": "eastus",
            "logical_sector_size": null,
            "max_shares": 0,
            "name": "datadisk_existing_0",
            "network_access_policy": null,
            "on_demand_bursting_enabled": false,
            "optimized_frequent_attach_enabled": false,
            "os_type": "",
            "performance_plus_enabled": false,
            "public_network_access_enabled": true,
            "resource_group_name": "rg-splendid-aphid",
            "secure_vm_disk_encryption_set_id": "",
            "security_type": "",
            "source_resource_id": "",
            "source_uri": "",
            "storage_account_id": "",
            "storage_account_type": "Standard_LRS",
            "tags": null,
            "tier": "",
            "timeouts": null,
            "trusted_launch_enabled": false,
            "upload_size_bytes": 0,
            "zone": ""
          },
          "sensitive_attributes": [],
          "private": "eyJlMmJmYjczMC1lY2FhLTExZTYtOGY4OC0zNDM2M2JjN2M0YzAiOnsiY3JlYXRlIjoxODAwMDAwMDAwMDAwLCJkZWxldGUiOjE4MDAwMDAwMDAwMDAsInJlYWQiOjMwMDAwMDAwMDAwMCwidXBkYXRlIjoxODAwMDAwMDAwMDAwfSwic2NoZW1hX3ZlcnNpb24iOiIxIn0=",
          "dependencies": [
            "azurerm_resource_group.rg",
            "random_pet.rg_name"
          ]
        },
        {
          "index_key": 1,
          "schema_version": 1,
          "attributes": {
            "create_option": "Empty",
            "disk_access_id": "",
            "disk_encryption_set_id": "",
            "disk_iops_read_only": 0,
            "disk_iops_read_write": 500,
            "disk_mbps_read_only": 0,
            "disk_mbps_read_write": 60,
            "disk_size_gb": 1024,
            "edge_zone": "",
            "encryption_settings": [],
            "gallery_image_reference_id": "",
            "hyper_v_generation": "",
            "id": "/subscriptions/8a4d2c2e-5499-402a-b863-02357026d034/resourceGroups/rg-splendid-aphid/providers/Microsoft.Compute/disks/datadisk_existing_1",
            "image_reference_id": "",
            "location": "eastus",
            "logical_sector_size": null,
            "max_shares": 0,
            "name": "datadisk_existing_1",
            "network_access_policy": null,
            "on_demand_bursting_enabled": false,
            "optimized_frequent_attach_enabled": false,
            "os_type": "",
            "performance_plus_enabled": false,
            "public_network_access_enabled": true,
            "resource_group_name": "rg-splendid-aphid",
            "secure_vm_disk_encryption_set_id": "",
            "security_type": "",
            "source_resource_id": "",
            "source_uri": "",
            "storage_account_id": "",
            "storage_account_type": "Standard_LRS",
            "tags": null,
            "tier": "",
            "timeouts": null,
            "trusted_launch_enabled": false,
            "upload_size_bytes": 0,
            "zone": ""
          },
          "sensitive_attributes": [],
          "private": "eyJlMmJmYjczMC1lY2FhLTExZTYtOGY4OC0zNDM2M2JjN2M0YzAiOnsiY3JlYXRlIjoxODAwMDAwMDAwMDAwLCJkZWxldGUiOjE4MDAwMDAwMDAwMDAsInJlYWQiOjMwMDAwMDAwMDAwMCwidXBkYXRlIjoxODAwMDAwMDAwMDAwfSwic2NoZW1hX3ZlcnNpb24iOiIxIn0=",
          "dependencies": [
            "azurerm_resource_group.rg",
            "random_pet.rg_name"
          ]
        }
      ]
    },
    {
      "mode": "managed",
      "type": "azurerm_network_interface",
      "name": "test",
      "provider": "provider[\"registry.terraform.io/hashicorp/azurerm\"]",
      "instances": [
        {
          "index_key": 0,
          "schema_version": 0,
          "attributes": {
            "applied_dns_servers": [],
            "auxiliary_mode": "",
            "auxiliary_sku": "",
            "dns_servers": [],
            "edge_zone": "",
            "enable_accelerated_networking": false,
            "enable_ip_forwarding": false,
            "id": "/subscriptions/8a4d2c2e-5499-402a-b863-02357026d034/resourceGroups/rg-splendid-aphid/providers/Microsoft.Network/networkInterfaces/acctni0",
            "internal_dns_name_label": "",
            "internal_domain_name_suffix": "t30y4or5ac0efnq5quy3wnhyxe.bx.internal.cloudapp.net",
            "ip_configuration": [
              {
                "gateway_load_balancer_frontend_ip_configuration_id": "",
                "name": "testConfiguration",
                "primary": true,
                "private_ip_address": "10.0.2.4",
                "private_ip_address_allocation": "Dynamic",
                "private_ip_address_version": "IPv4",
                "public_ip_address_id": "",
                "subnet_id": "/subscriptions/8a4d2c2e-5499-402a-b863-02357026d034/resourceGroups/rg-splendid-aphid/providers/Microsoft.Network/virtualNetworks/vnet-hardy-ostrich/subnets/sub-credible-doberman"
              }
            ],
            "location": "eastus",
            "mac_address": "",
            "name": "acctni0",
            "private_ip_address": "10.0.2.4",
            "private_ip_addresses": [
              "10.0.2.4"
            ],
            "resource_group_name": "rg-splendid-aphid",
            "tags": null,
            "timeouts": null,
            "virtual_machine_id": ""
          },
          "sensitive_attributes": [],
          "private": "eyJlMmJmYjczMC1lY2FhLTExZTYtOGY4OC0zNDM2M2JjN2M0YzAiOnsiY3JlYXRlIjoxODAwMDAwMDAwMDAwLCJkZWxldGUiOjE4MDAwMDAwMDAwMDAsInJlYWQiOjMwMDAwMDAwMDAwMCwidXBkYXRlIjoxODAwMDAwMDAwMDAwfX0=",
          "dependencies": [
            "azurerm_resource_group.rg",
            "azurerm_subnet.test",
            "azurerm_virtual_network.test",
            "random_pet.azurerm_subnet_name",
            "random_pet.azurerm_virtual_network_name",
            "random_pet.rg_name"
          ]
        },
        {
          "index_key": 1,
          "schema_version": 0,
          "attributes": {
            "applied_dns_servers": [],
            "auxiliary_mode": "",
            "auxiliary_sku": "",
            "dns_servers": [],
            "edge_zone": "",
            "enable_accelerated_networking": false,
            "enable_ip_forwarding": false,
            "id": "/subscriptions/8a4d2c2e-5499-402a-b863-02357026d034/resourceGroups/rg-splendid-aphid/providers/Microsoft.Network/networkInterfaces/acctni1",
            "internal_dns_name_label": "",
            "internal_domain_name_suffix": "t30y4or5ac0efnq5quy3wnhyxe.bx.internal.cloudapp.net",
            "ip_configuration": [
              {
                "gateway_load_balancer_frontend_ip_configuration_id": "",
                "name": "testConfiguration",
                "primary": true,
                "private_ip_address": "10.0.2.5",
                "private_ip_address_allocation": "Dynamic",
                "private_ip_address_version": "IPv4",
                "public_ip_address_id": "",
                "subnet_id": "/subscriptions/8a4d2c2e-5499-402a-b863-02357026d034/resourceGroups/rg-splendid-aphid/providers/Microsoft.Network/virtualNetworks/vnet-hardy-ostrich/subnets/sub-credible-doberman"
              }
            ],
            "location": "eastus",
            "mac_address": "",
            "name": "acctni1",
            "private_ip_address": "10.0.2.5",
            "private_ip_addresses": [
              "10.0.2.5"
            ],
            "resource_group_name": "rg-splendid-aphid",
            "tags": null,
            "timeouts": null,
            "virtual_machine_id": ""
          },
          "sensitive_attributes": [],
          "private": "eyJlMmJmYjczMC1lY2FhLTExZTYtOGY4OC0zNDM2M2JjN2M0YzAiOnsiY3JlYXRlIjoxODAwMDAwMDAwMDAwLCJkZWxldGUiOjE4MDAwMDAwMDAwMDAsInJlYWQiOjMwMDAwMDAwMDAwMCwidXBkYXRlIjoxODAwMDAwMDAwMDAwfX0=",
          "dependencies": [
            "azurerm_resource_group.rg",
            "azurerm_subnet.test",
            "azurerm_virtual_network.test",
            "random_pet.azurerm_subnet_name",
            "random_pet.azurerm_virtual_network_name",
            "random_pet.rg_name"
          ]
        }
      ]
    },
    {
      "mode": "managed",
      "type": "azurerm_public_ip",
      "name": "test",
      "provider": "provider[\"registry.terraform.io/hashicorp/azurerm\"]",
      "instances": [
        {
          "schema_version": 0,
          "attributes": {
            "allocation_method": "Static",
            "ddos_protection_mode": "VirtualNetworkInherited",
            "ddos_protection_plan_id": null,
            "domain_name_label": null,
            "edge_zone": "",
            "fqdn": null,
            "id": "/subscriptions/8a4d2c2e-5499-402a-b863-02357026d034/resourceGroups/rg-splendid-aphid/providers/Microsoft.Network/publicIPAddresses/publicIPForLB",
            "idle_timeout_in_minutes": 4,
            "ip_address": "172.178.64.220",
            "ip_tags": null,
            "ip_version": "IPv4",
            "location": "eastus",
            "name": "publicIPForLB",
            "public_ip_prefix_id": null,
            "resource_group_name": "rg-splendid-aphid",
            "reverse_fqdn": null,
            "sku": "Basic",
            "sku_tier": "Regional",
            "tags": null,
            "timeouts": null,
            "zones": null
          },
          "sensitive_attributes": [],
          "private": "eyJlMmJmYjczMC1lY2FhLTExZTYtOGY4OC0zNDM2M2JjN2M0YzAiOnsiY3JlYXRlIjoxODAwMDAwMDAwMDAwLCJkZWxldGUiOjE4MDAwMDAwMDAwMDAsInJlYWQiOjMwMDAwMDAwMDAwMCwidXBkYXRlIjoxODAwMDAwMDAwMDAwfX0=",
          "dependencies": [
            "azurerm_resource_group.rg",
            "random_pet.rg_name"
          ]
        }
      ]
    },
    {
      "mode": "managed",
      "type": "azurerm_resource_group",
      "name": "rg",
      "provider": "provider[\"registry.terraform.io/hashicorp/azurerm\"]",
      "instances": [
        {
          "schema_version": 0,
          "attributes": {
            "id": "/subscriptions/8a4d2c2e-5499-402a-b863-02357026d034/resourceGroups/rg-splendid-aphid",
            "location": "eastus",
            "managed_by": "",
            "name": "rg-splendid-aphid",
            "tags": null,
            "timeouts": null
          },
          "sensitive_attributes": [],
          "private": "eyJlMmJmYjczMC1lY2FhLTExZTYtOGY4OC0zNDM2M2JjN2M0YzAiOnsiY3JlYXRlIjo1NDAwMDAwMDAwMDAwLCJkZWxldGUiOjU0MDAwMDAwMDAwMDAsInJlYWQiOjMwMDAwMDAwMDAwMCwidXBkYXRlIjo1NDAwMDAwMDAwMDAwfX0=",
          "dependencies": [
            "random_pet.rg_name"
          ]
        }
      ]
    },
    {
      "mode": "managed",
      "type": "azurerm_subnet",
      "name": "test",
      "provider": "provider[\"registry.terraform.io/hashicorp/azurerm\"]",
      "instances": [
        {
          "schema_version": 0,
          "attributes": {
            "address_prefixes": [
              "10.0.2.0/24"
            ],
            "delegation": [],
            "enforce_private_link_endpoint_network_policies": false,
            "enforce_private_link_service_network_policies": false,
            "id": "/subscriptions/8a4d2c2e-5499-402a-b863-02357026d034/resourceGroups/rg-splendid-aphid/providers/Microsoft.Network/virtualNetworks/vnet-hardy-ostrich/subnets/sub-credible-doberman",
            "name": "sub-credible-doberman",
            "private_endpoint_network_policies_enabled": true,
            "private_link_service_network_policies_enabled": true,
            "resource_group_name": "rg-splendid-aphid",
            "service_endpoint_policy_ids": null,
            "service_endpoints": null,
            "timeouts": null,
            "virtual_network_name": "vnet-hardy-ostrich"
          },
          "sensitive_attributes": [],
          "private": "eyJlMmJmYjczMC1lY2FhLTExZTYtOGY4OC0zNDM2M2JjN2M0YzAiOnsiY3JlYXRlIjoxODAwMDAwMDAwMDAwLCJkZWxldGUiOjE4MDAwMDAwMDAwMDAsInJlYWQiOjMwMDAwMDAwMDAwMCwidXBkYXRlIjoxODAwMDAwMDAwMDAwfX0=",
          "dependencies": [
            "azurerm_resource_group.rg",
            "azurerm_virtual_network.test",
            "random_pet.azurerm_subnet_name",
            "random_pet.azurerm_virtual_network_name",
            "random_pet.rg_name"
          ]
        }
      ]
    },
    {
      "mode": "managed",
      "type": "azurerm_virtual_machine_data_disk_attachment",
      "name": "test",
      "provider": "provider[\"registry.terraform.io/hashicorp/azurerm\"]",
      "instances": [
        {
          "index_key": 0,
          "schema_version": 0,
          "attributes": {
            "caching": "ReadWrite",
            "create_option": "Attach",
            "id": "/subscriptions/8a4d2c2e-5499-402a-b863-02357026d034/resourceGroups/rg-splendid-aphid/providers/Microsoft.Compute/virtualMachines/vm-eternal-gopher0/dataDisks/datadisk_existing_0",
            "lun": 10,
            "managed_disk_id": "/subscriptions/8a4d2c2e-5499-402a-b863-02357026d034/resourceGroups/rg-splendid-aphid/providers/Microsoft.Compute/disks/datadisk_existing_0",
            "timeouts": null,
            "virtual_machine_id": "/subscriptions/8a4d2c2e-5499-402a-b863-02357026d034/resourceGroups/rg-splendid-aphid/providers/Microsoft.Compute/virtualMachines/vm-eternal-gopher0",
            "write_accelerator_enabled": false
          },
          "sensitive_attributes": [],
          "private": "eyJlMmJmYjczMC1lY2FhLTExZTYtOGY4OC0zNDM2M2JjN2M0YzAiOnsiY3JlYXRlIjoxODAwMDAwMDAwMDAwLCJkZWxldGUiOjE4MDAwMDAwMDAwMDAsInJlYWQiOjMwMDAwMDAwMDAwMCwidXBkYXRlIjoxODAwMDAwMDAwMDAwfX0=",
          "dependencies": [
            "azapi_resource.ssh_public_key",
            "azapi_resource_action.ssh_public_key_gen",
            "azurerm_availability_set.avset",
            "azurerm_linux_virtual_machine.test",
            "azurerm_managed_disk.test",
            "azurerm_network_interface.test",
            "azurerm_resource_group.rg",
            "azurerm_subnet.test",
            "azurerm_virtual_network.test",
            "random_pet.azurerm_linux_virtual_machine_name",
            "random_pet.azurerm_subnet_name",
            "random_pet.azurerm_virtual_network_name",
            "random_pet.rg_name",
            "random_pet.ssh_key_name"
          ]
        },
        {
          "index_key": 1,
          "schema_version": 0,
          "attributes": {
            "caching": "ReadWrite",
            "create_option": "Attach",
            "id": "/subscriptions/8a4d2c2e-5499-402a-b863-02357026d034/resourceGroups/rg-splendid-aphid/providers/Microsoft.Compute/virtualMachines/vm-eternal-gopher1/dataDisks/datadisk_existing_1",
            "lun": 10,
            "managed_disk_id": "/subscriptions/8a4d2c2e-5499-402a-b863-02357026d034/resourceGroups/rg-splendid-aphid/providers/Microsoft.Compute/disks/datadisk_existing_1",
            "timeouts": null,
            "virtual_machine_id": "/subscriptions/8a4d2c2e-5499-402a-b863-02357026d034/resourceGroups/rg-splendid-aphid/providers/Microsoft.Compute/virtualMachines/vm-eternal-gopher1",
            "write_accelerator_enabled": false
          },
          "sensitive_attributes": [],
          "private": "eyJlMmJmYjczMC1lY2FhLTExZTYtOGY4OC0zNDM2M2JjN2M0YzAiOnsiY3JlYXRlIjoxODAwMDAwMDAwMDAwLCJkZWxldGUiOjE4MDAwMDAwMDAwMDAsInJlYWQiOjMwMDAwMDAwMDAwMCwidXBkYXRlIjoxODAwMDAwMDAwMDAwfX0=",
          "dependencies": [
            "azapi_resource.ssh_public_key",
            "azapi_resource_action.ssh_public_key_gen",
            "azurerm_availability_set.avset",
            "azurerm_linux_virtual_machine.test",
            "azurerm_managed_disk.test",
            "azurerm_network_interface.test",
            "azurerm_resource_group.rg",
            "azurerm_subnet.test",
            "azurerm_virtual_network.test",
            "random_pet.azurerm_linux_virtual_machine_name",
            "random_pet.azurerm_subnet_name",
            "random_pet.azurerm_virtual_network_name",
            "random_pet.rg_name",
            "random_pet.ssh_key_name"
          ]
        }
      ]
    },
    {
      "mode": "managed",
      "type": "azurerm_virtual_network",
      "name": "test",
      "provider": "provider[\"registry.terraform.io/hashicorp/azurerm\"]",
      "instances": [
        {
          "schema_version": 0,
          "attributes": {
            "address_space": [
              "10.0.0.0/16"
            ],
            "bgp_community": "",
            "ddos_protection_plan": [],
            "dns_servers": [],
            "edge_zone": "",
            "encryption": [],
            "flow_timeout_in_minutes": 0,
            "guid": "3a8f759f-003f-42b4-b61f-8531db34f8bc",
            "id": "/subscriptions/8a4d2c2e-5499-402a-b863-02357026d034/resourceGroups/rg-splendid-aphid/providers/Microsoft.Network/virtualNetworks/vnet-hardy-ostrich",
            "location": "eastus",
            "name": "vnet-hardy-ostrich",
            "resource_group_name": "rg-splendid-aphid",
            "subnet": [],
            "tags": null,
            "timeouts": null
          },
          "sensitive_attributes": [],
          "private": "eyJlMmJmYjczMC1lY2FhLTExZTYtOGY4OC0zNDM2M2JjN2M0YzAiOnsiY3JlYXRlIjoxODAwMDAwMDAwMDAwLCJkZWxldGUiOjE4MDAwMDAwMDAwMDAsInJlYWQiOjMwMDAwMDAwMDAwMCwidXBkYXRlIjoxODAwMDAwMDAwMDAwfX0=",
          "dependencies": [
            "azurerm_resource_group.rg",
            "random_pet.azurerm_virtual_network_name",
            "random_pet.rg_name"
          ]
        }
      ]
    },
    {
      "mode": "managed",
      "type": "random_pet",
      "name": "azurerm_linux_virtual_machine_name",
      "provider": "provider[\"registry.terraform.io/hashicorp/random\"]",
      "instances": [
        {
          "schema_version": 0,
          "attributes": {
            "id": "vm-eternal-gopher",
            "keepers": null,
            "length": 2,
            "prefix": "vm",
            "separator": "-"
          },
          "sensitive_attributes": []
        }
      ]
    },
    {
      "mode": "managed",
      "type": "random_pet",
      "name": "azurerm_subnet_name",
      "provider": "provider[\"registry.terraform.io/hashicorp/random\"]",
      "instances": [
        {
          "schema_version": 0,
          "attributes": {
            "id": "sub-credible-doberman",
            "keepers": null,
            "length": 2,
            "prefix": "sub",
            "separator": "-"
          },
          "sensitive_attributes": []
        }
      ]
    },
    {
      "mode": "managed",
      "type": "random_pet",
      "name": "azurerm_virtual_network_name",
      "provider": "provider[\"registry.terraform.io/hashicorp/random\"]",
      "instances": [
        {
          "schema_version": 0,
          "attributes": {
            "id": "vnet-hardy-ostrich",
            "keepers": null,
            "length": 2,
            "prefix": "vnet",
            "separator": "-"
          },
          "sensitive_attributes": []
        }
      ]
    },
    {
      "mode": "managed",
      "type": "random_pet",
      "name": "rg_name",
      "provider": "provider[\"registry.terraform.io/hashicorp/random\"]",
      "instances": [
        {
          "schema_version": 0,
          "attributes": {
            "id": "rg-splendid-aphid",
            "keepers": null,
            "length": 2,
            "prefix": "rg",
            "separator": "-"
          },
          "sensitive_attributes": []
        }
      ]
    },
    {
      "mode": "managed",
      "type": "random_pet",
      "name": "ssh_key_name",
      "provider": "provider[\"registry.terraform.io/hashicorp/random\"]",
      "instances": [
        {
          "schema_version": 0,
          "attributes": {
            "id": "sshactiveasp",
            "keepers": null,
            "length": 2,
            "prefix": "ssh",
            "separator": ""
          },
          "sensitive_attributes": []
        }
      ]
    }
  ],
  "check_results": null
}
